
Microsoft Visual Studio Solution File, Format Version 12.00
# Visual Studio Version 17
VisualStudioVersion = 17.5.002.0
MinimumVisualStudioVersion = 10.0.40219.1
Project("{9A19103F-16F7-4668-BE54-9A1E7A4F7556}") = "Api", "Api.csproj", "{CE91589E-F29D-4BD2-86D5-D0D3F7D09000}"
EndProject
Global
	GlobalSection(SolutionConfigurationPlatforms) = preSolution
		Debug|Any CPU = Debug|Any CPU
		Release|Any CPU = Release|Any CPU
	EndGlobalSection
	GlobalSection(ProjectConfigurationPlatforms) = postSolution
		{CE91589E-F29D-4BD2-86D5-D0D3F7D09000}.Debug|Any CPU.ActiveCfg = Debug|Any CPU
		{CE91589E-F29D-4BD2-86D5-D0D3F7D09000}.Debug|Any CPU.Build.0 = Debug|Any CPU
		{CE91589E-F29D-4BD2-86D5-D0D3F7D09000}.Release|Any CPU.ActiveCfg = Release|Any CPU
		{CE91589E-F29D-4BD2-86D5-D0D3F7D09000}.Release|Any CPU.Build.0 = Release|Any CPU
	EndGlobalSection
	GlobalSection(SolutionProperties) = preSolution
		HideSolutionNode = FALSE
	EndGlobalSection
	GlobalSection(ExtensibilityGlobals) = postSolution
		SolutionGuid = {5B2544FF-FB49-4C9F-A5BC-260E5305E04B}
	EndGlobalSection
EndGlobal
